
Microsoft Visual Studio Solution File, Format Version 12.00
# Visual Studio Version 17
VisualStudioVersion = 17.3.32929.385
MinimumVisualStudioVersion = 10.0.40219.1
Project("{FAE04EC0-301F-11D3-BF4B-00C04F79EFBC}") = "CanWayConsolePresentation", "CanWayConsolePresentation\CanWayConsolePresentation.csproj", "{15EB5C38-5941-4C87-A3E4-77EB8D31E06A}"
EndProject
Global
	GlobalSection(SolutionConfigurationPlatforms) = preSolution
		Debug|Any CPU = Debug|Any CPU
		Release|Any CPU = Release|Any CPU
	EndGlobalSection
	GlobalSection(ProjectConfigurationPlatforms) = postSolution
		{15EB5C38-5941-4C87-A3E4-77EB8D31E06A}.Debug|Any CPU.ActiveCfg = Debug|Any CPU
		{15EB5C38-5941-4C87-A3E4-77EB8D31E06A}.Debug|Any CPU.Build.0 = Debug|Any CPU
		{15EB5C38-5941-4C87-A3E4-77EB8D31E06A}.Release|Any CPU.ActiveCfg = Release|Any CPU
		{15EB5C38-5941-4C87-A3E4-77EB8D31E06A}.Release|Any CPU.Build.0 = Release|Any CPU
	EndGlobalSection
	GlobalSection(SolutionProperties) = preSolution
		HideSolutionNode = FALSE
	EndGlobalSection
	GlobalSection(ExtensibilityGlobals) = postSolution
		SolutionGuid = {24BA67A3-AE25-4620-9980-4B011B5B7437}
	EndGlobalSection
EndGlobal
